
Microsoft Visual Studio Solution File, Format Version 9.00
# Visual Studio 2005
Project("{FAE04EC0-301F-11D3-BF4B-00C04F79EFBC}") = "Mousourouli.MDE.Tests", "Mousourouli.MDE.Tests\Mousourouli.MDE.Tests.csproj", "{71A2E3C3-6886-48E0-B734-35A6D1B9BCD4}"
EndProject
Project("{2150E333-8FDC-42A3-9474-1A3956D46DE8}") = "Library", "Library", "{8424B787-5DB6-46B6-B594-EE71332271E8}"
	ProjectSection(SolutionItems) = preProject
		Library\log4net.dll = Library\log4net.dll
		Library\MathNet.Iridium.dll = Library\MathNet.Iridium.dll
		Library\nunit.core.dll = Library\nunit.core.dll
		Library\nunit.framework.dll = Library\nunit.framework.dll
		Library\nunit.framework.extensions.dll = Library\nunit.framework.extensions.dll
	EndProjectSection
EndProject
Project("{FAE04EC0-301F-11D3-BF4B-00C04F79EFBC}") = "Mousourouli.MDE.Recommendation", "Mousourouli.MDE.Recommendation\Mousourouli.MDE.Recommendation.csproj", "{BC424B94-E7DC-4E2B-B522-1921AB152414}"
EndProject
Project("{FAE04EC0-301F-11D3-BF4B-00C04F79EFBC}") = "CreateMatrix", "CreateMatrix\CreateMatrix.csproj", "{B6F2F180-550F-4EE7-A5C2-AE347DDEE9C5}"
EndProject
Project("{FAE04EC0-301F-11D3-BF4B-00C04F79EFBC}") = "Recommendations", "Recommendations\Recommendations.csproj", "{0DBD8F2A-4C45-4EE1-8A03-1A004A15BA9F}"
EndProject
Project("{FAE04EC0-301F-11D3-BF4B-00C04F79EFBC}") = "FileTransformation", "FileTransformation\FileTransformation.csproj", "{FB572FDA-A30A-4468-A7BD-B6D976BB7A15}"
EndProject
Project("{FAE04EC0-301F-11D3-BF4B-00C04F79EFBC}") = "Hits", "Hits\Hits.csproj", "{9D63E9EC-2DEE-49D2-A7EA-1B4302A3E016}"
EndProject
Global
	GlobalSection(SolutionConfigurationPlatforms) = preSolution
		Debug|Any CPU = Debug|Any CPU
		Release|Any CPU = Release|Any CPU
	EndGlobalSection
	GlobalSection(ProjectConfigurationPlatforms) = postSolution
		{71A2E3C3-6886-48E0-B734-35A6D1B9BCD4}.Debug|Any CPU.ActiveCfg = Debug|Any CPU
		{71A2E3C3-6886-48E0-B734-35A6D1B9BCD4}.Debug|Any CPU.Build.0 = Debug|Any CPU
		{71A2E3C3-6886-48E0-B734-35A6D1B9BCD4}.Release|Any CPU.ActiveCfg = Release|Any CPU
		{71A2E3C3-6886-48E0-B734-35A6D1B9BCD4}.Release|Any CPU.Build.0 = Release|Any CPU
		{BC424B94-E7DC-4E2B-B522-1921AB152414}.Debug|Any CPU.ActiveCfg = Debug|Any CPU
		{BC424B94-E7DC-4E2B-B522-1921AB152414}.Debug|Any CPU.Build.0 = Debug|Any CPU
		{BC424B94-E7DC-4E2B-B522-1921AB152414}.Release|Any CPU.ActiveCfg = Release|Any CPU
		{BC424B94-E7DC-4E2B-B522-1921AB152414}.Release|Any CPU.Build.0 = Release|Any CPU
		{B6F2F180-550F-4EE7-A5C2-AE347DDEE9C5}.Debug|Any CPU.ActiveCfg = Debug|Any CPU
		{B6F2F180-550F-4EE7-A5C2-AE347DDEE9C5}.Debug|Any CPU.Build.0 = Debug|Any CPU
		{B6F2F180-550F-4EE7-A5C2-AE347DDEE9C5}.Release|Any CPU.ActiveCfg = Release|Any CPU
		{B6F2F180-550F-4EE7-A5C2-AE347DDEE9C5}.Release|Any CPU.Build.0 = Release|Any CPU
		{0DBD8F2A-4C45-4EE1-8A03-1A004A15BA9F}.Debug|Any CPU.ActiveCfg = Debug|Any CPU
		{0DBD8F2A-4C45-4EE1-8A03-1A004A15BA9F}.Debug|Any CPU.Build.0 = Debug|Any CPU
		{0DBD8F2A-4C45-4EE1-8A03-1A004A15BA9F}.Release|Any CPU.ActiveCfg = Release|Any CPU
		{0DBD8F2A-4C45-4EE1-8A03-1A004A15BA9F}.Release|Any CPU.Build.0 = Release|Any CPU
		{FB572FDA-A30A-4468-A7BD-B6D976BB7A15}.Debug|Any CPU.ActiveCfg = Debug|Any CPU
		{FB572FDA-A30A-4468-A7BD-B6D976BB7A15}.Debug|Any CPU.Build.0 = Debug|Any CPU
		{FB572FDA-A30A-4468-A7BD-B6D976BB7A15}.Release|Any CPU.ActiveCfg = Release|Any CPU
		{FB572FDA-A30A-4468-A7BD-B6D976BB7A15}.Release|Any CPU.Build.0 = Release|Any CPU
		{9D63E9EC-2DEE-49D2-A7EA-1B4302A3E016}.Debug|Any CPU.ActiveCfg = Debug|Any CPU
		{9D63E9EC-2DEE-49D2-A7EA-1B4302A3E016}.Debug|Any CPU.Build.0 = Debug|Any CPU
		{9D63E9EC-2DEE-49D2-A7EA-1B4302A3E016}.Release|Any CPU.ActiveCfg = Release|Any CPU
		{9D63E9EC-2DEE-49D2-A7EA-1B4302A3E016}.Release|Any CPU.Build.0 = Release|Any CPU
	EndGlobalSection
	GlobalSection(SolutionProperties) = preSolution
		HideSolutionNode = FALSE
	EndGlobalSection
EndGlobal
